
Microsoft Visual Studio Solution File, Format Version 12.00
# Visual Studio 15
VisualStudioVersion = 15.0.27703.2042
MinimumVisualStudioVersion = 10.0.40219.1
Project("{2150E333-8FDC-42A3-9474-1A3956D46DE8}") = "0.SharedKernel", "0.SharedKernel", "{2664593C-0663-4F5F-84AA-B83A3D4324AD}"
EndProject
Project("{2150E333-8FDC-42A3-9474-1A3956D46DE8}") = "1.Services", "1.Services", "{F82A7778-78D2-44ED-85E3-EC8DDA157573}"
EndProject
Project("{2150E333-8FDC-42A3-9474-1A3956D46DE8}") = "2.Tests", "2.Tests", "{829DADB0-EB44-4F49-B624-B9A4740A375E}"
EndProject
Project("{2150E333-8FDC-42A3-9474-1A3956D46DE8}") = "Identity", "Identity", "{6858B1F5-3330-4363-83FA-2A914285B7A0}"
EndProject
Project("{9A19103F-16F7-4668-BE54-9A1E7A4F7556}") = "Sector.Services.Identity", "src\1.Services\Identity\Sector.Services.Identity\Sector.Services.Identity.csproj", "{0A0E64CA-1DF1-4DB8-9520-2B80F775A372}"
EndProject
Project("{9A19103F-16F7-4668-BE54-9A1E7A4F7556}") = "Sector.Services.Identity.Contract", "src\1.Services\Identity\Sector.Services.Identity.Contract\Sector.Services.Identity.Contract.csproj", "{CC845099-6BEC-459C-B12A-8046E2F482D7}"
EndProject
Project("{E53339B2-1760-4266-BCC7-CA923CBCF16C}") = "docker-compose", "docker-compose.dcproj", "{05305A1A-BC2B-4E5F-A051-CBBE50DEDCE8}"
EndProject
Project("{9A19103F-16F7-4668-BE54-9A1E7A4F7556}") = "SharedKernel.Security", "src\0.SharedKernel\SharedKernel.Security\SharedKernel.Security.csproj", "{9A6F5E52-BD18-4D49-9EDC-4B062C0DA1A0}"
EndProject
Project("{9A19103F-16F7-4668-BE54-9A1E7A4F7556}") = "SharedKernel.Core", "src\0.SharedKernel\SharedKernel.Core\SharedKernel.Core.csproj", "{29B5EA43-B799-4184-897A-AD0C2D3770C8}"
EndProject
Project("{FAE04EC0-301F-11D3-BF4B-00C04F79EFBC}") = "SharedKernel.Core.Abstraction", "src\0.SharedKernel\SharedKernel.Core.Abstraction\SharedKernel.Core.Abstraction.csproj", "{C5801D29-D2FD-4DFA-9EE1-422E8E16D2C2}"
EndProject
Project("{2150E333-8FDC-42A3-9474-1A3956D46DE8}") = "ServiceBus", "ServiceBus", "{B2CC5639-04E0-4869-8581-04DB267FE3D6}"
EndProject
Project("{FAE04EC0-301F-11D3-BF4B-00C04F79EFBC}") = "ServiceBus.RabbitMq", "src\0.SharedKernel\Infrastructure\ServiceBus\ServiceBus.RabbitMq\ServiceBus.RabbitMq.csproj", "{DDE7C657-7110-4693-B7C6-0B78111FD2DE}"
EndProject
Project("{2150E333-8FDC-42A3-9474-1A3956D46DE8}") = "Storage", "Storage", "{AF086C1D-5228-4789-9540-75D5168EFC36}"
EndProject
Project("{FAE04EC0-301F-11D3-BF4B-00C04F79EFBC}") = "Storage.MongoDb", "src\0.SharedKernel\Infrastructure\Storage\Storage.MongoDb\Storage.MongoDb.csproj", "{437675A5-509D-440A-8988-4FFFB9630C3F}"
EndProject
Project("{2150E333-8FDC-42A3-9474-1A3956D46DE8}") = "Infrastructure", "Infrastructure", "{E5C7BA2F-D7AF-4327-AF0F-82B4C57561E2}"
EndProject
Global
	GlobalSection(SolutionConfigurationPlatforms) = preSolution
		Debug|Any CPU = Debug|Any CPU
		Release|Any CPU = Release|Any CPU
	EndGlobalSection
	GlobalSection(ProjectConfigurationPlatforms) = postSolution
		{0A0E64CA-1DF1-4DB8-9520-2B80F775A372}.Debug|Any CPU.ActiveCfg = Debug|Any CPU
		{0A0E64CA-1DF1-4DB8-9520-2B80F775A372}.Debug|Any CPU.Build.0 = Debug|Any CPU
		{0A0E64CA-1DF1-4DB8-9520-2B80F775A372}.Release|Any CPU.ActiveCfg = Release|Any CPU
		{0A0E64CA-1DF1-4DB8-9520-2B80F775A372}.Release|Any CPU.Build.0 = Release|Any CPU
		{CC845099-6BEC-459C-B12A-8046E2F482D7}.Debug|Any CPU.ActiveCfg = Debug|Any CPU
		{CC845099-6BEC-459C-B12A-8046E2F482D7}.Debug|Any CPU.Build.0 = Debug|Any CPU
		{CC845099-6BEC-459C-B12A-8046E2F482D7}.Release|Any CPU.ActiveCfg = Release|Any CPU
		{CC845099-6BEC-459C-B12A-8046E2F482D7}.Release|Any CPU.Build.0 = Release|Any CPU
		{05305A1A-BC2B-4E5F-A051-CBBE50DEDCE8}.Debug|Any CPU.ActiveCfg = Debug|Any CPU
		{05305A1A-BC2B-4E5F-A051-CBBE50DEDCE8}.Debug|Any CPU.Build.0 = Debug|Any CPU
		{05305A1A-BC2B-4E5F-A051-CBBE50DEDCE8}.Release|Any CPU.ActiveCfg = Release|Any CPU
		{05305A1A-BC2B-4E5F-A051-CBBE50DEDCE8}.Release|Any CPU.Build.0 = Release|Any CPU
		{9A6F5E52-BD18-4D49-9EDC-4B062C0DA1A0}.Debug|Any CPU.ActiveCfg = Debug|Any CPU
		{9A6F5E52-BD18-4D49-9EDC-4B062C0DA1A0}.Debug|Any CPU.Build.0 = Debug|Any CPU
		{9A6F5E52-BD18-4D49-9EDC-4B062C0DA1A0}.Release|Any CPU.ActiveCfg = Release|Any CPU
		{9A6F5E52-BD18-4D49-9EDC-4B062C0DA1A0}.Release|Any CPU.Build.0 = Release|Any CPU
		{29B5EA43-B799-4184-897A-AD0C2D3770C8}.Debug|Any CPU.ActiveCfg = Debug|Any CPU
		{29B5EA43-B799-4184-897A-AD0C2D3770C8}.Debug|Any CPU.Build.0 = Debug|Any CPU
		{29B5EA43-B799-4184-897A-AD0C2D3770C8}.Release|Any CPU.ActiveCfg = Release|Any CPU
		{29B5EA43-B799-4184-897A-AD0C2D3770C8}.Release|Any CPU.Build.0 = Release|Any CPU
		{C5801D29-D2FD-4DFA-9EE1-422E8E16D2C2}.Debug|Any CPU.ActiveCfg = Debug|Any CPU
		{C5801D29-D2FD-4DFA-9EE1-422E8E16D2C2}.Debug|Any CPU.Build.0 = Debug|Any CPU
		{C5801D29-D2FD-4DFA-9EE1-422E8E16D2C2}.Release|Any CPU.ActiveCfg = Release|Any CPU
		{C5801D29-D2FD-4DFA-9EE1-422E8E16D2C2}.Release|Any CPU.Build.0 = Release|Any CPU
		{DDE7C657-7110-4693-B7C6-0B78111FD2DE}.Debug|Any CPU.ActiveCfg = Debug|Any CPU
		{DDE7C657-7110-4693-B7C6-0B78111FD2DE}.Debug|Any CPU.Build.0 = Debug|Any CPU
		{DDE7C657-7110-4693-B7C6-0B78111FD2DE}.Release|Any CPU.ActiveCfg = Release|Any CPU
		{DDE7C657-7110-4693-B7C6-0B78111FD2DE}.Release|Any CPU.Build.0 = Release|Any CPU
		{437675A5-509D-440A-8988-4FFFB9630C3F}.Debug|Any CPU.ActiveCfg = Debug|Any CPU
		{437675A5-509D-440A-8988-4FFFB9630C3F}.Debug|Any CPU.Build.0 = Debug|Any CPU
		{437675A5-509D-440A-8988-4FFFB9630C3F}.Release|Any CPU.ActiveCfg = Release|Any CPU
		{437675A5-509D-440A-8988-4FFFB9630C3F}.Release|Any CPU.Build.0 = Release|Any CPU
	EndGlobalSection
	GlobalSection(SolutionProperties) = preSolution
		HideSolutionNode = FALSE
	EndGlobalSection
	GlobalSection(NestedProjects) = preSolution
		{6858B1F5-3330-4363-83FA-2A914285B7A0} = {F82A7778-78D2-44ED-85E3-EC8DDA157573}
		{0A0E64CA-1DF1-4DB8-9520-2B80F775A372} = {6858B1F5-3330-4363-83FA-2A914285B7A0}
		{CC845099-6BEC-459C-B12A-8046E2F482D7} = {6858B1F5-3330-4363-83FA-2A914285B7A0}
		{9A6F5E52-BD18-4D49-9EDC-4B062C0DA1A0} = {2664593C-0663-4F5F-84AA-B83A3D4324AD}
		{29B5EA43-B799-4184-897A-AD0C2D3770C8} = {2664593C-0663-4F5F-84AA-B83A3D4324AD}
		{C5801D29-D2FD-4DFA-9EE1-422E8E16D2C2} = {2664593C-0663-4F5F-84AA-B83A3D4324AD}
		{B2CC5639-04E0-4869-8581-04DB267FE3D6} = {E5C7BA2F-D7AF-4327-AF0F-82B4C57561E2}
		{DDE7C657-7110-4693-B7C6-0B78111FD2DE} = {B2CC5639-04E0-4869-8581-04DB267FE3D6}
		{AF086C1D-5228-4789-9540-75D5168EFC36} = {E5C7BA2F-D7AF-4327-AF0F-82B4C57561E2}
		{437675A5-509D-440A-8988-4FFFB9630C3F} = {AF086C1D-5228-4789-9540-75D5168EFC36}
		{E5C7BA2F-D7AF-4327-AF0F-82B4C57561E2} = {2664593C-0663-4F5F-84AA-B83A3D4324AD}
	EndGlobalSection
	GlobalSection(ExtensibilityGlobals) = postSolution
		SolutionGuid = {31DF1B18-28B0-4F6F-8120-EA4BC8AF9D20}
	EndGlobalSection
EndGlobal
